// !$*UTF8*$!
{
	archiveVersion = 1;
	classes = {
	};
	objectVersion = 55;
	objects = {

/* Begin PBXBuildFile section */
		9A9D736328ABEC8300602A77 /* AppDelegate.swift in Sources */ = {isa = PBXBuildFile; fileRef = 9A9D736228ABEC8200602A77 /* AppDelegate.swift */; };
		9A9D736528ABEC8300602A77 /* SceneDelegate.swift in Sources */ = {isa = PBXBuildFile; fileRef = 9A9D736428ABEC8300602A77 /* SceneDelegate.swift */; };
		9A9D736728ABEC8300602A77 /* ViewController.swift in Sources */ = {isa = PBXBuildFile; fileRef = 9A9D736628ABEC8300602A77 /* ViewController.swift */; };
		9A9D736A28ABEC8300602A77 /* Main.storyboard in Resources */ = {isa = PBXBuildFile; fileRef = 9A9D736828ABEC8300602A77 /* Main.storyboard */; };
		9A9D736C28ABEC8B00602A77 /* Assets.xcassets in Resources */ = {isa = PBXBuildFile; fileRef = 9A9D736B28ABEC8B00602A77 /* Assets.xcassets */; };
		9A9D736F28ABEC8B00602A77 /* LaunchScreen.storyboard in Resources */ = {isa = PBXBuildFile; fileRef = 9A9D736D28ABEC8B00602A77 /* LaunchScreen.storyboard */; };
		9AC5A85B28B21EB30052C4A3 /* DetailsModel.swift in Sources */ = {isa = PBXBuildFile; fileRef = 9AC5A85A28B21EB30052C4A3 /* DetailsModel.swift */; };
		9AC5A85D28B21EBF0052C4A3 /* FetchMovie.swift in Sources */ = {isa = PBXBuildFile; fileRef = 9AC5A85C28B21EBF0052C4A3 /* FetchMovie.swift */; };
		9AC5A85F28B21ED50052C4A3 /* TopRatedModel.swift in Sources */ = {isa = PBXBuildFile; fileRef = 9AC5A85E28B21ED50052C4A3 /* TopRatedModel.swift */; };
/* End PBXBuildFile section */

/* Begin PBXFileReference section */
		9A9D735F28ABEC8200602A77 /* Galaktion Nizharadze, ASsignment #23.app */ = {isa = PBXFileReference; explicitFileType = wrapper.application; includeInIndex = 0; path = "Galaktion Nizharadze, ASsignment #23.app"; sourceTree = BUILT_PRODUCTS_DIR; };
		9A9D736228ABEC8200602A77 /* AppDelegate.swift */ = {isa = PBXFileReference; lastKnownFileType = sourcecode.swift; path = AppDelegate.swift; sourceTree = "<group>"; };
		9A9D736428ABEC8300602A77 /* SceneDelegate.swift */ = {isa = PBXFileReference; lastKnownFileType = sourcecode.swift; path = SceneDelegate.swift; sourceTree = "<group>"; };
		9A9D736628ABEC8300602A77 /* ViewController.swift */ = {isa = PBXFileReference; lastKnownFileType = sourcecode.swift; path = ViewController.swift; sourceTree = "<group>"; };
		9A9D736928ABEC8300602A77 /* Base */ = {isa = PBXFileReference; lastKnownFileType = file.storyboard; name = Base; path = Base.lproj/Main.storyboard; sourceTree = "<group>"; };
		9A9D736B28ABEC8B00602A77 /* Assets.xcassets */ = {isa = PBXFileReference; lastKnownFileType = folder.assetcatalog; path = Assets.xcassets; sourceTree = "<group>"; };
		9A9D736E28ABEC8B00602A77 /* Base */ = {isa = PBXFileReference; lastKnownFileType = file.storyboard; name = Base; path = Base.lproj/LaunchScreen.storyboard; sourceTree = "<group>"; };
		9A9D737028ABEC8B00602A77 /* Info.plist */ = {isa = PBXFileReference; lastKnownFileType = text.plist.xml; path = Info.plist; sourceTree = "<group>"; };
		9AC5A85A28B21EB30052C4A3 /* DetailsModel.swift */ = {isa = PBXFileReference; lastKnownFileType = sourcecode.swift; path = DetailsModel.swift; sourceTree = "<group>"; };
		9AC5A85C28B21EBF0052C4A3 /* FetchMovie.swift */ = {isa = PBXFileReference; lastKnownFileType = sourcecode.swift; path = FetchMovie.swift; sourceTree = "<group>"; };
		9AC5A85E28B21ED50052C4A3 /* TopRatedModel.swift */ = {isa = PBXFileReference; lastKnownFileType = sourcecode.swift; path = TopRatedModel.swift; sourceTree = "<group>"; };
/* End PBXFileReference section */

/* Begin PBXFrameworksBuildPhase section */
		9A9D735C28ABEC8200602A77 /* Frameworks */ = {
			isa = PBXFrameworksBuildPhase;
			buildActionMask = 2147483647;
			files = (
			);
			runOnlyForDeploymentPostprocessing = 0;
		};
/* End PBXFrameworksBuildPhase section */

/* Begin PBXGroup section */
		9A9D735628ABEC8200602A77 = {
			isa = PBXGroup;
			children = (
				9A9D736128ABEC8200602A77 /* Galaktion Nizharadze, ASsignment #23 */,
				9A9D736028ABEC8200602A77 /* Products */,
			);
			sourceTree = "<group>";
		};
		9A9D736028ABEC8200602A77 /* Products */ = {
			isa = PBXGroup;
			children = (
				9A9D735F28ABEC8200602A77 /* Galaktion Nizharadze, ASsignment #23.app */,
			);
			name = Products;
			sourceTree = "<group>";
		};
		9A9D736128ABEC8200602A77 /* Galaktion Nizharadze, ASsignment #23 */ = {
			isa = PBXGroup;
			children = (
				9AC5A86028B223C80052C4A3 /* SupportingFiles */,
				9AC5A85928B21E950052C4A3 /* APIService */,
				9A9D736628ABEC8300602A77 /* ViewController.swift */,
				9A9D736828ABEC8300602A77 /* Main.storyboard */,
			);
			path = "Galaktion Nizharadze, ASsignment #23";
			sourceTree = "<group>";
		};
		9AC5A85928B21E950052C4A3 /* APIService */ = {
			isa = PBXGroup;
			children = (
				9AC5A85A28B21EB30052C4A3 /* DetailsModel.swift */,
				9AC5A85C28B21EBF0052C4A3 /* FetchMovie.swift */,
				9AC5A85E28B21ED50052C4A3 /* TopRatedModel.swift */,
			);
			path = APIService;
			sourceTree = "<group>";
		};
		9AC5A86028B223C80052C4A3 /* SupportingFiles */ = {
			isa = PBXGroup;
			children = (
				9A9D736228ABEC8200602A77 /* AppDelegate.swift */,
				9A9D736428ABEC8300602A77 /* SceneDelegate.swift */,
				9A9D736B28ABEC8B00602A77 /* Assets.xcassets */,
				9A9D736D28ABEC8B00602A77 /* LaunchScreen.storyboard */,
				9A9D737028ABEC8B00602A77 /* Info.plist */,
			);
			path = SupportingFiles;
			sourceTree = "<group>";
		};
/* End PBXGroup section */

/* Begin PBXNativeTarget section */
		9A9D735E28ABEC8200602A77 /* Galaktion Nizharadze, ASsignment #23 */ = {
			isa = PBXNativeTarget;
			buildConfigurationList = 9A9D737328ABEC8B00602A77 /* Build configuration list for PBXNativeTarget "Galaktion Nizharadze, ASsignment #23" */;
			buildPhases = (
				9A9D735B28ABEC8200602A77 /* Sources */,
				9A9D735C28ABEC8200602A77 /* Frameworks */,
				9A9D735D28ABEC8200602A77 /* Resources */,
			);
			buildRules = (
			);
			dependencies = (
			);
			name = "Galaktion Nizharadze, ASsignment #23";
			productName = "Galaktion Nizharadze, ASsignment #23";
			productReference = 9A9D735F28ABEC8200602A77 /* Galaktion Nizharadze, ASsignment #23.app */;
			productType = "com.apple.product-type.application";
		};
/* End PBXNativeTarget section */

/* Begin PBXProject section */
		9A9D735728ABEC8200602A77 /* Project object */ = {
			isa = PBXProject;
			attributes = {
				BuildIndependentTargetsInParallel = 1;
				LastSwiftUpdateCheck = 1340;
				LastUpgradeCheck = 1340;
				TargetAttributes = {
					9A9D735E28ABEC8200602A77 = {
						CreatedOnToolsVersion = 13.4.1;
					};
				};
			};
			buildConfigurationList = 9A9D735A28ABEC8200602A77 /* Build configuration list for PBXProject "Galaktion Nizharadze, ASsignment #23" */;
			compatibilityVersion = "Xcode 13.0";
			developmentRegion = en;
			hasScannedForEncodings = 0;
			knownRegions = (
				en,
				Base,
			);
			mainGroup = 9A9D735628ABEC8200602A77;
			productRefGroup = 9A9D736028ABEC8200602A77 /* Products */;
			projectDirPath = "";
			projectRoot = "";
			targets = (
				9A9D735E28ABEC8200602A77 /* Galaktion Nizharadze, ASsignment #23 */,
			);
		};
/* End PBXProject section */

/* Begin PBXResourcesBuildPhase section */
		9A9D735D28ABEC8200602A77 /* Resources */ = {
			isa = PBXResourcesBuildPhase;
			buildActionMask = 2147483647;
			files = (
				9A9D736F28ABEC8B00602A77 /* LaunchScreen.storyboard in Resources */,
				9A9D736C28ABEC8B00602A77 /* Assets.xcassets in Resources */,
				9A9D736A28ABEC8300602A77 /* Main.storyboard in Resources */,
			);
			runOnlyForDeploymentPostprocessing = 0;
		};
/* End PBXResourcesBuildPhase section */

/* Begin PBXSourcesBuildPhase section */
		9A9D735B28ABEC8200602A77 /* Sources */ = {
			isa = PBXSourcesBuildPhase;
			buildActionMask = 2147483647;
			files = (
				9AC5A85F28B21ED50052C4A3 /* TopRatedModel.swift in Sources */,
				9AC5A85B28B21EB30052C4A3 /* DetailsModel.swift in Sources */,
				9A9D736728ABEC8300602A77 /* ViewController.swift in Sources */,
				9AC5A85D28B21EBF0052C4A3 /* FetchMovie.swift in Sources */,
				9A9D736328ABEC8300602A77 /* AppDelegate.swift in Sources */,
				9A9D736528ABEC8300602A77 /* SceneDelegate.swift in Sources */,
			);
			runOnlyForDeploymentPostprocessing = 0;
		};
/* End PBXSourcesBuildPhase section */

/* Begin PBXVariantGroup section */
		9A9D736828ABEC8300602A77 /* Main.storyboard */ = {
			isa = PBXVariantGroup;
			children = (
				9A9D736928ABEC8300602A77 /* Base */,
			);
			name = Main.storyboard;
			sourceTree = "<group>";
		};
		9A9D736D28ABEC8B00602A77 /* LaunchScreen.storyboard */ = {
			isa = PBXVariantGroup;
			children = (
				9A9D736E28ABEC8B00602A77 /* Base */,
			);
			name = LaunchScreen.storyboard;
			sourceTree = "<group>";
		};
/* End PBXVariantGroup section */

/* Begin XCBuildConfiguration section */
		9A9D737128ABEC8B00602A77 /* Debug */ = {
			isa = XCBuildConfiguration;
			buildSettings = {
				ALWAYS_SEARCH_USER_PATHS = NO;
				CLANG_ANALYZER_NONNULL = YES;
				CLANG_ANALYZER_NUMBER_OBJECT_CONVERSION = YES_AGGRESSIVE;
				CLANG_CXX_LANGUAGE_STANDARD = "gnu++17";
				CLANG_ENABLE_MODULES = YES;
				CLANG_ENABLE_OBJC_ARC = YES;
				CLANG_ENABLE_OBJC_WEAK = YES;
				CLANG_WARN_BLOCK_CAPTURE_AUTORELEASING = YES;
				CLANG_WARN_BOOL_CONVERSION = YES;
				CLANG_WARN_COMMA = YES;
				CLANG_WARN_CONSTANT_CONVERSION = YES;
				CLANG_WARN_DEPRECATED_OBJC_IMPLEMENTATIONS = YES;
				CLANG_WARN_DIRECT_OBJC_ISA_USAGE = YES_ERROR;
				CLANG_WARN_DOCUMENTATION_COMMENTS = YES;
				CLANG_WARN_EMPTY_BODY = YES;
				CLANG_WARN_ENUM_CONVERSION = YES;
				CLANG_WARN_INFINITE_RECURSION = YES;
				CLANG_WARN_INT_CONVERSION = YES;
				CLANG_WARN_NON_LITERAL_NULL_CONVERSION = YES;
				CLANG_WARN_OBJC_IMPLICIT_RETAIN_SELF = YES;
				CLANG_WARN_OBJC_LITERAL_CONVERSION = YES;
				CLANG_WARN_OBJC_ROOT_CLASS = YES_ERROR;
				CLANG_WARN_QUOTED_INCLUDE_IN_FRAMEWORK_HEADER = YES;
				CLANG_WARN_RANGE_LOOP_ANALYSIS = YES;
				CLANG_WARN_STRICT_PROTOTYPES = YES;
				CLANG_WARN_SUSPICIOUS_MOVE = YES;
				CLANG_WARN_UNGUARDED_AVAILABILITY = YES_AGGRESSIVE;
				CLANG_WARN_UNREACHABLE_CODE = YES;
				CLANG_WARN__DUPLICATE_METHOD_MATCH = YES;
				COPY_PHASE_STRIP = NO;
				DEBUG_INFORMATION_FORMAT = dwarf;
				ENABLE_STRICT_OBJC_MSGSEND = YES;
				ENABLE_TESTABILITY = YES;
				GCC_C_LANGUAGE_STANDARD = gnu11;
				GCC_DYNAMIC_NO_PIC = NO;
				GCC_NO_COMMON_BLOCKS = YES;
				GCC_OPTIMIZATION_LEVEL = 0;
				GCC_PREPROCESSOR_DEFINITIONS = (
					"DEBUG=1",
					"$(inherited)",
				);
				GCC_WARN_64_TO_32_BIT_CONVERSION = YES;
				GCC_WARN_ABOUT_RETURN_TYPE = YES_ERROR;
				GCC_WARN_UNDECLARED_SELECTOR = YES;
				GCC_WARN_UNINITIALIZED_AUTOS = YES_AGGRESSIVE;
				GCC_WARN_UNUSED_FUNCTION = YES;
				GCC_WARN_UNUSED_VARIABLE = YES;
				IPHONEOS_DEPLOYMENT_TARGET = 15.5;
				MTL_ENABLE_DEBUG_INFO = INCLUDE_SOURCE;
				MTL_FAST_MATH = YES;
				ONLY_ACTIVE_ARCH = YES;
				SDKROOT = iphoneos;
				SWIFT_ACTIVE_COMPILATION_CONDITIONS = DEBUG;
				SWIFT_OPTIMIZATION_LEVEL = "-Onone";
			};
			name = Debug;
		};
		9A9D737228ABEC8B00602A77 /* Release */ = {
			isa = XCBuildConfiguration;
			buildSettings = {
				ALWAYS_SEARCH_USER_PATHS = NO;
				CLANG_ANALYZER_NONNULL = YES;
				CLANG_ANALYZER_NUMBER_OBJECT_CONVERSION = YES_AGGRESSIVE;
				CLANG_CXX_LANGUAGE_STANDARD = "gnu++17";
				CLANG_ENABLE_MODULES = YES;
				CLANG_ENABLE_OBJC_ARC = YES;
				CLANG_ENABLE_OBJC_WEAK = YES;
				CLANG_WARN_BLOCK_CAPTURE_AUTORELEASING = YES;
				CLANG_WARN_BOOL_CONVERSION = YES;
				CLANG_WARN_COMMA = YES;
				CLANG_WARN_CONSTANT_CONVERSION = YES;
				CLANG_WARN_DEPRECATED_OBJC_IMPLEMENTATIONS = YES;
				CLANG_WARN_DIRECT_OBJC_ISA_USAGE = YES_ERROR;
				CLANG_WARN_DOCUMENTATION_COMMENTS = YES;
				CLANG_WARN_EMPTY_BODY = YES;
				CLANG_WARN_ENUM_CONVERSION = YES;
				CLANG_WARN_INFINITE_RECURSION = YES;
				CLANG_WARN_INT_CONVERSION = YES;
				CLANG_WARN_NON_LITERAL_NULL_CONVERSION = YES;
				CLANG_WARN_OBJC_IMPLICIT_RETAIN_SELF = YES;
				CLANG_WARN_OBJC_LITERAL_CONVERSION = YES;
				CLANG_WARN_OBJC_ROOT_CLASS = YES_ERROR;
				CLANG_WARN_QUOTED_INCLUDE_IN_FRAMEWORK_HEADER = YES;
				CLANG_WARN_RANGE_LOOP_ANALYSIS = YES;
				CLANG_WARN_STRICT_PROTOTYPES = YES;
				CLANG_WARN_SUSPICIOUS_MOVE = YES;
				CLANG_WARN_UNGUARDED_AVAILABILITY = YES_AGGRESSIVE;
				CLANG_WARN_UNREACHABLE_CODE = YES;
				CLANG_WARN__DUPLICATE_METHOD_MATCH = YES;
				COPY_PHASE_STRIP = NO;
				DEBUG_INFORMATION_FORMAT = "dwarf-with-dsym";
				ENABLE_NS_ASSERTIONS = NO;
				ENABLE_STRICT_OBJC_MSGSEND = YES;
				GCC_C_LANGUAGE_STANDARD = gnu11;
				GCC_NO_COMMON_BLOCKS = YES;
				GCC_WARN_64_TO_32_BIT_CONVERSION = YES;
				GCC_WARN_ABOUT_RETURN_TYPE = YES_ERROR;
				GCC_WARN_UNDECLARED_SELECTOR = YES;
				GCC_WARN_UNINITIALIZED_AUTOS = YES_AGGRESSIVE;
				GCC_WARN_UNUSED_FUNCTION = YES;
				GCC_WARN_UNUSED_VARIABLE = YES;
				IPHONEOS_DEPLOYMENT_TARGET = 15.5;
				MTL_ENABLE_DEBUG_INFO = NO;
				MTL_FAST_MATH = YES;
				SDKROOT = iphoneos;
				SWIFT_COMPILATION_MODE = wholemodule;
				SWIFT_OPTIMIZATION_LEVEL = "-O";
				VALIDATE_PRODUCT = YES;
			};
			name = Release;
		};
		9A9D737428ABEC8B00602A77 /* Debug */ = {
			isa = XCBuildConfiguration;
			buildSettings = {
				ASSETCATALOG_COMPILER_APPICON_NAME = AppIcon;
				ASSETCATALOG_COMPILER_GLOBAL_ACCENT_COLOR_NAME = AccentColor;
				CODE_SIGN_STYLE = Automatic;
				CURRENT_PROJECT_VERSION = 1;
				DEVELOPMENT_TEAM = 9BZ4794R5K;
				GENERATE_INFOPLIST_FILE = YES;
				INFOPLIST_FILE = "Galaktion Nizharadze, ASsignment #23/SupportingFiles/Info.plist";
				INFOPLIST_KEY_UIApplicationSupportsIndirectInputEvents = YES;
				INFOPLIST_KEY_UILaunchStoryboardName = LaunchScreen;
				INFOPLIST_KEY_UIMainStoryboardFile = Main;
				INFOPLIST_KEY_UISupportedInterfaceOrientations_iPad = "UIInterfaceOrientationPortrait UIInterfaceOrientationPortraitUpsideDown UIInterfaceOrientationLandscapeLeft UIInterfaceOrientationLandscapeRight";
				INFOPLIST_KEY_UISupportedInterfaceOrientations_iPhone = "UIInterfaceOrientationPortrait UIInterfaceOrientationLandscapeLeft UIInterfaceOrientationLandscapeRight";
				LD_RUNPATH_SEARCH_PATHS = (
					"$(inherited)",
					"@executable_path/Frameworks",
				);
				MARKETING_VERSION = 1.0;
				PRODUCT_BUNDLE_IDENTIFIER = "com.tbcbootcamp.Galaktion-Nizharadze--ASsignment--23";
				PRODUCT_NAME = "$(TARGET_NAME)";
				SWIFT_EMIT_LOC_STRINGS = YES;
				SWIFT_VERSION = 5.0;
				TARGETED_DEVICE_FAMILY = "1,2";
			};
			name = Debug;
		};
		9A9D737528ABEC8B00602A77 /* Release */ = {
			isa = XCBuildConfiguration;
			buildSettings = {
				ASSETCATALOG_COMPILER_APPICON_NAME = AppIcon;
				ASSETCATALOG_COMPILER_GLOBAL_ACCENT_COLOR_NAME = AccentColor;
				CODE_SIGN_STYLE = Automatic;
				CURRENT_PROJECT_VERSION = 1;
				DEVELOPMENT_TEAM = 9BZ4794R5K;
				GENERATE_INFOPLIST_FILE = YES;
				INFOPLIST_FILE = "Galaktion Nizharadze, ASsignment #23/SupportingFiles/Info.plist";
				INFOPLIST_KEY_UIApplicationSupportsIndirectInputEvents = YES;
				INFOPLIST_KEY_UILaunchStoryboardName = LaunchScreen;
				INFOPLIST_KEY_UIMainStoryboardFile = Main;
				INFOPLIST_KEY_UISupportedInterfaceOrientations_iPad = "UIInterfaceOrientationPortrait UIInterfaceOrientationPortraitUpsideDown UIInterfaceOrientationLandscapeLeft UIInterfaceOrientationLandscapeRight";
				INFOPLIST_KEY_UISupportedInterfaceOrientations_iPhone = "UIInterfaceOrientationPortrait UIInterfaceOrientationLandscapeLeft UIInterfaceOrientationLandscapeRight";
				LD_RUNPATH_SEARCH_PATHS = (
					"$(inherited)",
					"@executable_path/Frameworks",
				);
				MARKETING_VERSION = 1.0;
				PRODUCT_BUNDLE_IDENTIFIER = "com.tbcbootcamp.Galaktion-Nizharadze--ASsignment--23";
				PRODUCT_NAME = "$(TARGET_NAME)";
				SWIFT_EMIT_LOC_STRINGS = YES;
				SWIFT_VERSION = 5.0;
				TARGETED_DEVICE_FAMILY = "1,2";
			};
			name = Release;
		};
/* End XCBuildConfiguration section */

/* Begin XCConfigurationList section */
		9A9D735A28ABEC8200602A77 /* Build configuration list for PBXProject "Galaktion Nizharadze, ASsignment #23" */ = {
			isa = XCConfigurationList;
			buildConfigurations = (
				9A9D737128ABEC8B00602A77 /* Debug */,
				9A9D737228ABEC8B00602A77 /* Release */,
			);
			defaultConfigurationIsVisible = 0;
			defaultConfigurationName = Release;
		};
		9A9D737328ABEC8B00602A77 /* Build configuration list for PBXNativeTarget "Galaktion Nizharadze, ASsignment #23" */ = {
			isa = XCConfigurationList;
			buildConfigurations = (
				9A9D737428ABEC8B00602A77 /* Debug */,
				9A9D737528ABEC8B00602A77 /* Release */,
			);
			defaultConfigurationIsVisible = 0;
			defaultConfigurationName = Release;
		};
/* End XCConfigurationList section */
	};
	rootObject = 9A9D735728ABEC8200602A77 /* Project object */;
}
